
Microsoft Visual Studio Solution File, Format Version 12.00
# Visual Studio Version 16
VisualStudioVersion = 16.0.29911.84
MinimumVisualStudioVersion = 10.0.40219.1
Project("{FAE04EC0-301F-11D3-BF4B-00C04F79EFBC}") = "HealthApp", "HealthApp\HealthApp.csproj", "{2E2F5983-ABD4-427F-A8EB-570DD677103C}"
EndProject
Global
	GlobalSection(SolutionConfigurationPlatforms) = preSolution
		Debug|Any CPU = Debug|Any CPU
		Release|Any CPU = Release|Any CPU
	EndGlobalSection
	GlobalSection(ProjectConfigurationPlatforms) = postSolution
		{2E2F5983-ABD4-427F-A8EB-570DD677103C}.Debug|Any CPU.ActiveCfg = Debug|Any CPU
		{2E2F5983-ABD4-427F-A8EB-570DD677103C}.Debug|Any CPU.Build.0 = Debug|Any CPU
		{2E2F5983-ABD4-427F-A8EB-570DD677103C}.Release|Any CPU.ActiveCfg = Release|Any CPU
		{2E2F5983-ABD4-427F-A8EB-570DD677103C}.Release|Any CPU.Build.0 = Release|Any CPU
	EndGlobalSection
	GlobalSection(SolutionProperties) = preSolution
		HideSolutionNode = FALSE
	EndGlobalSection
	GlobalSection(ExtensibilityGlobals) = postSolution
		SolutionGuid = {55776C31-FB57-430F-A08B-D77667389973}
	EndGlobalSection
EndGlobal
